
Microsoft Visual Studio Solution File, Format Version 12.00
# Visual Studio Version 17
VisualStudioVersion = 17.5.33627.172
MinimumVisualStudioVersion = 10.0.40219.1
Project("{888888A0-9F3D-457C-B088-3A5042F75D52}") = "QuickLocalFix", "QuickLocalFix.pyproj", "{0B17A077-D7C7-4E9F-AC27-BD7D9C016B94}"
EndProject
Global
	GlobalSection(SolutionConfigurationPlatforms) = preSolution
		Debug|Any CPU = Debug|Any CPU
		Release|Any CPU = Release|Any CPU
	EndGlobalSection
	GlobalSection(ProjectConfigurationPlatforms) = postSolution
		{0B17A077-D7C7-4E9F-AC27-BD7D9C016B94}.Debug|Any CPU.ActiveCfg = Debug|Any CPU
		{0B17A077-D7C7-4E9F-AC27-BD7D9C016B94}.Debug|Any CPU.Build.0 = Debug|Any CPU
		{0B17A077-D7C7-4E9F-AC27-BD7D9C016B94}.Release|Any CPU.ActiveCfg = Release|Any CPU
		{0B17A077-D7C7-4E9F-AC27-BD7D9C016B94}.Release|Any CPU.Build.0 = Release|Any CPU
	EndGlobalSection
	GlobalSection(SolutionProperties) = preSolution
		HideSolutionNode = FALSE
	EndGlobalSection
	GlobalSection(ExtensibilityGlobals) = postSolution
		SolutionGuid = {DB05CD8A-1BD4-4DBD-B242-7491F692E721}
	EndGlobalSection
EndGlobal
